dependencies:
- name: jenkins
  repository: https://charts.jenkins.io
  version: 5.7.5
- name: nexus
  repository: https://curie-data-factory.github.io/helm-charts/
  version: 1.2.4
- name: gitea
  repository: https://dl.gitea.com/charts/
  version: 10.5.0
digest: sha256:5eaf065eecd5408ff96f4d3e1d8a24539380b8b327af2131781aed1eae4933fd
generated: "2024-11-11T20:02:09.570384593+01:00"
